
Microsoft Visual Studio Solution File, Format Version 12.00
# Visual Studio Version 17
VisualStudioVersion = 17.12.35521.163 d17.12
MinimumVisualStudioVersion = 10.0.40219.1
Project("{2150E333-8FDC-42A3-9474-1A3956D46DE8}") = "Task0", "Task0", "{B1333636-0F51-4850-B69D-DB7210B93DCE}"
EndProject
Project("{2150E333-8FDC-42A3-9474-1A3956D46DE8}") = "Task1", "Task1", "{0770A336-C9DE-4831-9E25-EE3B01B14FC3}"
EndProject
Project("{2150E333-8FDC-42A3-9474-1A3956D46DE8}") = "Task2", "Task2", "{15611B94-6189-4E8E-8713-81BF16F4D620}"
EndProject
Project("{2150E333-8FDC-42A3-9474-1A3956D46DE8}") = "Task3", "Task3", "{C3F25DA0-1ABE-483F-A799-251AE1C056FE}"
EndProject
Project("{2150E333-8FDC-42A3-9474-1A3956D46DE8}") = "Task4", "Task4", "{2706DDF9-DA55-4C9F-8FFE-85AD2D148D89}"
EndProject
Project("{2150E333-8FDC-42A3-9474-1A3956D46DE8}") = "Task5", "Task5", "{E22843D4-470D-42A5-AC9A-DC8E1E2A06C2}"
EndProject
Project("{2150E333-8FDC-42A3-9474-1A3956D46DE8}") = "Task6", "Task6", "{C28CFB4F-1018-4DB9-920A-904637CA3B13}"
EndProject
Project("{2150E333-8FDC-42A3-9474-1A3956D46DE8}") = "Task7", "Task7", "{2445FCB9-F9C1-4E2C-A152-634A7F668DA9}"
EndProject
Project("{FAE04EC0-301F-11D3-BF4B-00C04F79EFBC}") = "Tyuiu.PasechnikPA1.Sprint4.Task0.V5", "Tyuiu.PasechnikPA1.Sprint4.Task0.V5\Tyuiu.PasechnikPA1.Sprint4.Task0.V5.csproj", "{9003A103-E0E5-4AC6-A3B4-2C1C97F62337}"
EndProject
Project("{FAE04EC0-301F-11D3-BF4B-00C04F79EFBC}") = "Tyuiu.PasechnikPA1.Sprint4.Task0.V5.Test", "Tyuiu.PasechnikPA1.Sprint4.Task0.V5.Test\Tyuiu.PasechnikPA1.Sprint4.Task0.V5.Test.csproj", "{CC9A9FB2-2CF0-43A4-B393-6B97F70E5100}"
EndProject
Project("{FAE04EC0-301F-11D3-BF4B-00C04F79EFBC}") = "Tyuiu.PasechnikPA1.Sprint4.Task0.V5.Lib", "Tyuiu.PasechnikPA1.Sprint4.Task0.V5.Lib\Tyuiu.PasechnikPA1.Sprint4.Task0.V5.Lib.csproj", "{5B1EB8A1-45C6-4F30-B48C-EBC13F848599}"
EndProject
Project("{FAE04EC0-301F-11D3-BF4B-00C04F79EFBC}") = "Tyuiu.PasechnikPA1.Sprint4.Task1.V13", "Tyuiu.PasechnikPA1.Sprint4.Task1.V13\Tyuiu.PasechnikPA1.Sprint4.Task1.V13.csproj", "{6D326F9E-7D1A-4DDE-A6E6-6A253C4B9D31}"
EndProject
Project("{FAE04EC0-301F-11D3-BF4B-00C04F79EFBC}") = "Tyuiu.PasechnikPA1.Sprint4.Task1.V13.Test", "Tyuiu.PasechnikPA1.Sprint4.Task1.V13.Test\Tyuiu.PasechnikPA1.Sprint4.Task1.V13.Test.csproj", "{923D57EC-9979-4535-BCF9-51659E4E2C47}"
EndProject
Project("{FAE04EC0-301F-11D3-BF4B-00C04F79EFBC}") = "Tyuiu.PasechnikPA1.Sprint4.Task1.V13.Lib", "Tyuiu.PasechnikPA1.Sprint4.Task1.V13.Lib\Tyuiu.PasechnikPA1.Sprint4.Task1.V13.Lib.csproj", "{53A277F6-E9AE-4C92-A919-0F7C9F5D6B57}"
EndProject
Project("{FAE04EC0-301F-11D3-BF4B-00C04F79EFBC}") = "Tyuiu.PasechnikPA1.Sprint4.Task2.V9", "Tyuiu.PasechnikPA1.Sprint4.Task2.V9\Tyuiu.PasechnikPA1.Sprint4.Task2.V9.csproj", "{F5A4867C-7703-4139-A436-74B277055463}"
EndProject
Project("{FAE04EC0-301F-11D3-BF4B-00C04F79EFBC}") = "Tyuiu.PasechnikPA1.Sprint4.Task2.V9.Test", "Tyuiu.PasechnikPA1.Sprint4.Task2.V9.Test\Tyuiu.PasechnikPA1.Sprint4.Task2.V9.Test.csproj", "{D1F78852-9D14-41A0-BCE6-D47CD731E748}"
EndProject
Project("{FAE04EC0-301F-11D3-BF4B-00C04F79EFBC}") = "Tyuiu.PasechnikPA1.Sprint4.Task2.V9.Lib", "Tyuiu.PasechnikPA1.Sprint4.Task2.V9.Lib\Tyuiu.PasechnikPA1.Sprint4.Task2.V9.Lib.csproj", "{62E82979-AE2C-4872-A325-472AB6197C2C}"
EndProject
Project("{FAE04EC0-301F-11D3-BF4B-00C04F79EFBC}") = "Tyuiu.PasechnikPA1.Sprint4.Task3.V20", "Tyuiu.PasechnikPA1.Sprint4.Task3.V20\Tyuiu.PasechnikPA1.Sprint4.Task3.V20.csproj", "{B85C2421-ED70-4B8A-BB82-BFCA73B97706}"
EndProject
Project("{FAE04EC0-301F-11D3-BF4B-00C04F79EFBC}") = "Tyuiu.PasechnikPA1.Sprint4.Task3.V20.Test", "Tyuiu.PasechnikPA1.Sprint4.Task3.V20.Test\Tyuiu.PasechnikPA1.Sprint4.Task3.V20.Test.csproj", "{178E4823-891B-4582-89B3-16AA6DCD4E29}"
EndProject
Project("{FAE04EC0-301F-11D3-BF4B-00C04F79EFBC}") = "Tyuiu.PasechnikPA1.Sprint4.Task3.V20.Lib", "Tyuiu.PasechnikPA1.Sprint4.Task3.V20.Lib\Tyuiu.PasechnikPA1.Sprint4.Task3.V20.Lib.csproj", "{EE86A2DB-C43E-4CFB-82BC-4727890B7882}"
EndProject
Project("{FAE04EC0-301F-11D3-BF4B-00C04F79EFBC}") = "Tyuiu.PasechnikPA1.Sprint4.Task4.V20", "Tyuiu.PasechnikPA1.Sprint4.Task4.V20\Tyuiu.PasechnikPA1.Sprint4.Task4.V20.csproj", "{C21DB770-1698-4A4D-8EBF-012247D523F0}"
EndProject
Project("{FAE04EC0-301F-11D3-BF4B-00C04F79EFBC}") = "Tyuiu.PasechnikPA1.Sprint4.Task4.V20.Test", "Tyuiu.PasechnikPA1.Sprint4.Task4.V20.Test\Tyuiu.PasechnikPA1.Sprint4.Task4.V20.Test.csproj", "{E3CD2E2B-2917-4923-93D1-8F0E2B1AB35F}"
EndProject
Project("{FAE04EC0-301F-11D3-BF4B-00C04F79EFBC}") = "Tyuiu.PasechnikPA1.Sprint4.Task4.V20.Lib", "Tyuiu.PasechnikPA1.Sprint4.Task4.V20.Lib\Tyuiu.PasechnikPA1.Sprint4.Task4.V20.Lib.csproj", "{8D3CE8A4-4B00-4C3F-9EAE-4DCC3EFDCEA6}"
EndProject
Project("{FAE04EC0-301F-11D3-BF4B-00C04F79EFBC}") = "Tyuiu.PasechnikPA1.Sprint4.Task5.V11", "Tyuiu.PasechnikPA1.Sprint4.Task5.V11\Tyuiu.PasechnikPA1.Sprint4.Task5.V11.csproj", "{172F2179-4284-469F-A43A-8C9B7D1DC59D}"
EndProject
Project("{FAE04EC0-301F-11D3-BF4B-00C04F79EFBC}") = "Tyuiu.PasechnikPA1.Sprint4.Task5.V11.Test", "Tyuiu.PasechnikPA1.Sprint4.Task5.V11.Test\Tyuiu.PasechnikPA1.Sprint4.Task5.V11.Test.csproj", "{10150FD3-740F-419B-ADA5-BF5886C141CF}"
EndProject
Project("{FAE04EC0-301F-11D3-BF4B-00C04F79EFBC}") = "Tyuiu.PasechnikPA1.Sprint4.Task5.V11.Lib", "Tyuiu.PasechnikPA1.Sprint4.Task5.V11.Lib\Tyuiu.PasechnikPA1.Sprint4.Task5.V11.Lib.csproj", "{69129EE0-DFBC-4F4D-B85F-8A953898673B}"
EndProject
Project("{FAE04EC0-301F-11D3-BF4B-00C04F79EFBC}") = "Tyuiu.PasechnikPA1.Sprint4.Task6.V25", "Tyuiu.PasechnikPA1.Sprint4.Task6.V25\Tyuiu.PasechnikPA1.Sprint4.Task6.V25.csproj", "{D149B2CE-73A9-4563-BA60-663267DA4E9B}"
EndProject
Project("{FAE04EC0-301F-11D3-BF4B-00C04F79EFBC}") = "Tyuiu.PasechnikPA1.Sprint4.Task6.V25.Test", "Tyuiu.PasechnikPA1.Sprint4.Task6.V25.Test\Tyuiu.PasechnikPA1.Sprint4.Task6.V25.Test.csproj", "{7AB959BB-94DC-4E02-A24B-E3A00FDB1739}"
EndProject
Project("{FAE04EC0-301F-11D3-BF4B-00C04F79EFBC}") = "Tyuiu.PasechnikPA1.Sprint4.Task6.V25.Lib", "Tyuiu.PasechnikPA1.Sprint4.Task6.V25.Lib\Tyuiu.PasechnikPA1.Sprint4.Task6.V25.Lib.csproj", "{10B2179D-7A96-4F3B-B510-F6808BF6358F}"
EndProject
Project("{FAE04EC0-301F-11D3-BF4B-00C04F79EFBC}") = "Tyuiu.PasechnikPA1.Sprint4.Task7.V13", "Tyuiu.PasechnikPA1.Sprint4.Task7.V13\Tyuiu.PasechnikPA1.Sprint4.Task7.V13.csproj", "{6B725E1E-473E-4D35-96BB-8279B151801A}"
EndProject
Project("{FAE04EC0-301F-11D3-BF4B-00C04F79EFBC}") = "Tyuiu.PasechnikPA1.Sprint4.Task7.V13.Test", "Tyuiu.PasechnikPA1.Sprint4.Task7.V13.Test\Tyuiu.PasechnikPA1.Sprint4.Task7.V13.Test.csproj", "{240EF38B-0080-4300-ACE0-2B593EAF9CB1}"
EndProject
Project("{FAE04EC0-301F-11D3-BF4B-00C04F79EFBC}") = "Tyuiu.PasechnikPA1.Sprint4.Task7.V13.Lib", "Tyuiu.PasechnikPA1.Sprint4.Task7.V13.Lib\Tyuiu.PasechnikPA1.Sprint4.Task7.V13.Lib.csproj", "{BA1AA907-4799-4B33-BB6C-ACC37CA76917}"
EndProject
Global
	GlobalSection(SolutionConfigurationPlatforms) = preSolution
		Debug|Any CPU = Debug|Any CPU
		Release|Any CPU = Release|Any CPU
	EndGlobalSection
	GlobalSection(ProjectConfigurationPlatforms) = postSolution
		{9003A103-E0E5-4AC6-A3B4-2C1C97F62337}.Debug|Any CPU.ActiveCfg = Debug|Any CPU
		{9003A103-E0E5-4AC6-A3B4-2C1C97F62337}.Debug|Any CPU.Build.0 = Debug|Any CPU
		{9003A103-E0E5-4AC6-A3B4-2C1C97F62337}.Release|Any CPU.ActiveCfg = Release|Any CPU
		{9003A103-E0E5-4AC6-A3B4-2C1C97F62337}.Release|Any CPU.Build.0 = Release|Any CPU
		{CC9A9FB2-2CF0-43A4-B393-6B97F70E5100}.Debug|Any CPU.ActiveCfg = Debug|Any CPU
		{CC9A9FB2-2CF0-43A4-B393-6B97F70E5100}.Debug|Any CPU.Build.0 = Debug|Any CPU
		{CC9A9FB2-2CF0-43A4-B393-6B97F70E5100}.Release|Any CPU.ActiveCfg = Release|Any CPU
		{CC9A9FB2-2CF0-43A4-B393-6B97F70E5100}.Release|Any CPU.Build.0 = Release|Any CPU
		{5B1EB8A1-45C6-4F30-B48C-EBC13F848599}.Debug|Any CPU.ActiveCfg = Debug|Any CPU
		{5B1EB8A1-45C6-4F30-B48C-EBC13F848599}.Debug|Any CPU.Build.0 = Debug|Any CPU
		{5B1EB8A1-45C6-4F30-B48C-EBC13F848599}.Release|Any CPU.ActiveCfg = Release|Any CPU
		{5B1EB8A1-45C6-4F30-B48C-EBC13F848599}.Release|Any CPU.Build.0 = Release|Any CPU
		{6D326F9E-7D1A-4DDE-A6E6-6A253C4B9D31}.Debug|Any CPU.ActiveCfg = Debug|Any CPU
		{6D326F9E-7D1A-4DDE-A6E6-6A253C4B9D31}.Debug|Any CPU.Build.0 = Debug|Any CPU
		{6D326F9E-7D1A-4DDE-A6E6-6A253C4B9D31}.Release|Any CPU.ActiveCfg = Release|Any CPU
		{6D326F9E-7D1A-4DDE-A6E6-6A253C4B9D31}.Release|Any CPU.Build.0 = Release|Any CPU
		{923D57EC-9979-4535-BCF9-51659E4E2C47}.Debug|Any CPU.ActiveCfg = Debug|Any CPU
		{923D57EC-9979-4535-BCF9-51659E4E2C47}.Debug|Any CPU.Build.0 = Debug|Any CPU
		{923D57EC-9979-4535-BCF9-51659E4E2C47}.Release|Any CPU.ActiveCfg = Release|Any CPU
		{923D57EC-9979-4535-BCF9-51659E4E2C47}.Release|Any CPU.Build.0 = Release|Any CPU
		{53A277F6-E9AE-4C92-A919-0F7C9F5D6B57}.Debug|Any CPU.ActiveCfg = Debug|Any CPU
		{53A277F6-E9AE-4C92-A919-0F7C9F5D6B57}.Debug|Any CPU.Build.0 = Debug|Any CPU
		{53A277F6-E9AE-4C92-A919-0F7C9F5D6B57}.Release|Any CPU.ActiveCfg = Release|Any CPU
		{53A277F6-E9AE-4C92-A919-0F7C9F5D6B57}.Release|Any CPU.Build.0 = Release|Any CPU
		{F5A4867C-7703-4139-A436-74B277055463}.Debug|Any CPU.ActiveCfg = Debug|Any CPU
		{F5A4867C-7703-4139-A436-74B277055463}.Debug|Any CPU.Build.0 = Debug|Any CPU
		{F5A4867C-7703-4139-A436-74B277055463}.Release|Any CPU.ActiveCfg = Release|Any CPU
		{F5A4867C-7703-4139-A436-74B277055463}.Release|Any CPU.Build.0 = Release|Any CPU
		{D1F78852-9D14-41A0-BCE6-D47CD731E748}.Debug|Any CPU.ActiveCfg = Debug|Any CPU
		{D1F78852-9D14-41A0-BCE6-D47CD731E748}.Debug|Any CPU.Build.0 = Debug|Any CPU
		{D1F78852-9D14-41A0-BCE6-D47CD731E748}.Release|Any CPU.ActiveCfg = Release|Any CPU
		{D1F78852-9D14-41A0-BCE6-D47CD731E748}.Release|Any CPU.Build.0 = Release|Any CPU
		{62E82979-AE2C-4872-A325-472AB6197C2C}.Debug|Any CPU.ActiveCfg = Debug|Any CPU
		{62E82979-AE2C-4872-A325-472AB6197C2C}.Debug|Any CPU.Build.0 = Debug|Any CPU
		{62E82979-AE2C-4872-A325-472AB6197C2C}.Release|Any CPU.ActiveCfg = Release|Any CPU
		{62E82979-AE2C-4872-A325-472AB6197C2C}.Release|Any CPU.Build.0 = Release|Any CPU
		{B85C2421-ED70-4B8A-BB82-BFCA73B97706}.Debug|Any CPU.ActiveCfg = Debug|Any CPU
		{B85C2421-ED70-4B8A-BB82-BFCA73B97706}.Debug|Any CPU.Build.0 = Debug|Any CPU
		{B85C2421-ED70-4B8A-BB82-BFCA73B97706}.Release|Any CPU.ActiveCfg = Release|Any CPU
		{B85C2421-ED70-4B8A-BB82-BFCA73B97706}.Release|Any CPU.Build.0 = Release|Any CPU
		{178E4823-891B-4582-89B3-16AA6DCD4E29}.Debug|Any CPU.ActiveCfg = Debug|Any CPU
		{178E4823-891B-4582-89B3-16AA6DCD4E29}.Debug|Any CPU.Build.0 = Debug|Any CPU
		{178E4823-891B-4582-89B3-16AA6DCD4E29}.Release|Any CPU.ActiveCfg = Release|Any CPU
		{178E4823-891B-4582-89B3-16AA6DCD4E29}.Release|Any CPU.Build.0 = Release|Any CPU
		{EE86A2DB-C43E-4CFB-82BC-4727890B7882}.Debug|Any CPU.ActiveCfg = Debug|Any CPU
		{EE86A2DB-C43E-4CFB-82BC-4727890B7882}.Debug|Any CPU.Build.0 = Debug|Any CPU
		{EE86A2DB-C43E-4CFB-82BC-4727890B7882}.Release|Any CPU.ActiveCfg = Release|Any CPU
		{EE86A2DB-C43E-4CFB-82BC-4727890B7882}.Release|Any CPU.Build.0 = Release|Any CPU
		{C21DB770-1698-4A4D-8EBF-012247D523F0}.Debug|Any CPU.ActiveCfg = Debug|Any CPU
		{C21DB770-1698-4A4D-8EBF-012247D523F0}.Debug|Any CPU.Build.0 = Debug|Any CPU
		{C21DB770-1698-4A4D-8EBF-012247D523F0}.Release|Any CPU.ActiveCfg = Release|Any CPU
		{C21DB770-1698-4A4D-8EBF-012247D523F0}.Release|Any CPU.Build.0 = Release|Any CPU
		{E3CD2E2B-2917-4923-93D1-8F0E2B1AB35F}.Debug|Any CPU.ActiveCfg = Debug|Any CPU
		{E3CD2E2B-2917-4923-93D1-8F0E2B1AB35F}.Debug|Any CPU.Build.0 = Debug|Any CPU
		{E3CD2E2B-2917-4923-93D1-8F0E2B1AB35F}.Release|Any CPU.ActiveCfg = Release|Any CPU
		{E3CD2E2B-2917-4923-93D1-8F0E2B1AB35F}.Release|Any CPU.Build.0 = Release|Any CPU
		{8D3CE8A4-4B00-4C3F-9EAE-4DCC3EFDCEA6}.Debug|Any CPU.ActiveCfg = Debug|Any CPU
		{8D3CE8A4-4B00-4C3F-9EAE-4DCC3EFDCEA6}.Debug|Any CPU.Build.0 = Debug|Any CPU
		{8D3CE8A4-4B00-4C3F-9EAE-4DCC3EFDCEA6}.Release|Any CPU.ActiveCfg = Release|Any CPU
		{8D3CE8A4-4B00-4C3F-9EAE-4DCC3EFDCEA6}.Release|Any CPU.Build.0 = Release|Any CPU
		{172F2179-4284-469F-A43A-8C9B7D1DC59D}.Debug|Any CPU.ActiveCfg = Debug|Any CPU
		{172F2179-4284-469F-A43A-8C9B7D1DC59D}.Debug|Any CPU.Build.0 = Debug|Any CPU
		{172F2179-4284-469F-A43A-8C9B7D1DC59D}.Release|Any CPU.ActiveCfg = Release|Any CPU
		{172F2179-4284-469F-A43A-8C9B7D1DC59D}.Release|Any CPU.Build.0 = Release|Any CPU
		{10150FD3-740F-419B-ADA5-BF5886C141CF}.Debug|Any CPU.ActiveCfg = Debug|Any CPU
		{10150FD3-740F-419B-ADA5-BF5886C141CF}.Debug|Any CPU.Build.0 = Debug|Any CPU
		{10150FD3-740F-419B-ADA5-BF5886C141CF}.Release|Any CPU.ActiveCfg = Release|Any CPU
		{10150FD3-740F-419B-ADA5-BF5886C141CF}.Release|Any CPU.Build.0 = Release|Any CPU
		{69129EE0-DFBC-4F4D-B85F-8A953898673B}.Debug|Any CPU.ActiveCfg = Debug|Any CPU
		{69129EE0-DFBC-4F4D-B85F-8A953898673B}.Debug|Any CPU.Build.0 = Debug|Any CPU
		{69129EE0-DFBC-4F4D-B85F-8A953898673B}.Release|Any CPU.ActiveCfg = Release|Any CPU
		{69129EE0-DFBC-4F4D-B85F-8A953898673B}.Release|Any CPU.Build.0 = Release|Any CPU
		{D149B2CE-73A9-4563-BA60-663267DA4E9B}.Debug|Any CPU.ActiveCfg = Debug|Any CPU
		{D149B2CE-73A9-4563-BA60-663267DA4E9B}.Debug|Any CPU.Build.0 = Debug|Any CPU
		{D149B2CE-73A9-4563-BA60-663267DA4E9B}.Release|Any CPU.ActiveCfg = Release|Any CPU
		{D149B2CE-73A9-4563-BA60-663267DA4E9B}.Release|Any CPU.Build.0 = Release|Any CPU
		{7AB959BB-94DC-4E02-A24B-E3A00FDB1739}.Debug|Any CPU.ActiveCfg = Debug|Any CPU
		{7AB959BB-94DC-4E02-A24B-E3A00FDB1739}.Debug|Any CPU.Build.0 = Debug|Any CPU
		{7AB959BB-94DC-4E02-A24B-E3A00FDB1739}.Release|Any CPU.ActiveCfg = Release|Any CPU
		{7AB959BB-94DC-4E02-A24B-E3A00FDB1739}.Release|Any CPU.Build.0 = Release|Any CPU
		{10B2179D-7A96-4F3B-B510-F6808BF6358F}.Debug|Any CPU.ActiveCfg = Debug|Any CPU
		{10B2179D-7A96-4F3B-B510-F6808BF6358F}.Debug|Any CPU.Build.0 = Debug|Any CPU
		{10B2179D-7A96-4F3B-B510-F6808BF6358F}.Release|Any CPU.ActiveCfg = Release|Any CPU
		{10B2179D-7A96-4F3B-B510-F6808BF6358F}.Release|Any CPU.Build.0 = Release|Any CPU
		{6B725E1E-473E-4D35-96BB-8279B151801A}.Debug|Any CPU.ActiveCfg = Debug|Any CPU
		{6B725E1E-473E-4D35-96BB-8279B151801A}.Debug|Any CPU.Build.0 = Debug|Any CPU
		{6B725E1E-473E-4D35-96BB-8279B151801A}.Release|Any CPU.ActiveCfg = Release|Any CPU
		{6B725E1E-473E-4D35-96BB-8279B151801A}.Release|Any CPU.Build.0 = Release|Any CPU
		{240EF38B-0080-4300-ACE0-2B593EAF9CB1}.Debug|Any CPU.ActiveCfg = Debug|Any CPU
		{240EF38B-0080-4300-ACE0-2B593EAF9CB1}.Debug|Any CPU.Build.0 = Debug|Any CPU
		{240EF38B-0080-4300-ACE0-2B593EAF9CB1}.Release|Any CPU.ActiveCfg = Release|Any CPU
		{240EF38B-0080-4300-ACE0-2B593EAF9CB1}.Release|Any CPU.Build.0 = Release|Any CPU
		{BA1AA907-4799-4B33-BB6C-ACC37CA76917}.Debug|Any CPU.ActiveCfg = Debug|Any CPU
		{BA1AA907-4799-4B33-BB6C-ACC37CA76917}.Debug|Any CPU.Build.0 = Debug|Any CPU
		{BA1AA907-4799-4B33-BB6C-ACC37CA76917}.Release|Any CPU.ActiveCfg = Release|Any CPU
		{BA1AA907-4799-4B33-BB6C-ACC37CA76917}.Release|Any CPU.Build.0 = Release|Any CPU
	EndGlobalSection
	GlobalSection(SolutionProperties) = preSolution
		HideSolutionNode = FALSE
	EndGlobalSection
	GlobalSection(NestedProjects) = preSolution
		{9003A103-E0E5-4AC6-A3B4-2C1C97F62337} = {B1333636-0F51-4850-B69D-DB7210B93DCE}
		{CC9A9FB2-2CF0-43A4-B393-6B97F70E5100} = {B1333636-0F51-4850-B69D-DB7210B93DCE}
		{5B1EB8A1-45C6-4F30-B48C-EBC13F848599} = {B1333636-0F51-4850-B69D-DB7210B93DCE}
		{6D326F9E-7D1A-4DDE-A6E6-6A253C4B9D31} = {0770A336-C9DE-4831-9E25-EE3B01B14FC3}
		{923D57EC-9979-4535-BCF9-51659E4E2C47} = {0770A336-C9DE-4831-9E25-EE3B01B14FC3}
		{53A277F6-E9AE-4C92-A919-0F7C9F5D6B57} = {0770A336-C9DE-4831-9E25-EE3B01B14FC3}
		{F5A4867C-7703-4139-A436-74B277055463} = {15611B94-6189-4E8E-8713-81BF16F4D620}
		{D1F78852-9D14-41A0-BCE6-D47CD731E748} = {15611B94-6189-4E8E-8713-81BF16F4D620}
		{62E82979-AE2C-4872-A325-472AB6197C2C} = {15611B94-6189-4E8E-8713-81BF16F4D620}
		{B85C2421-ED70-4B8A-BB82-BFCA73B97706} = {C3F25DA0-1ABE-483F-A799-251AE1C056FE}
		{178E4823-891B-4582-89B3-16AA6DCD4E29} = {C3F25DA0-1ABE-483F-A799-251AE1C056FE}
		{EE86A2DB-C43E-4CFB-82BC-4727890B7882} = {C3F25DA0-1ABE-483F-A799-251AE1C056FE}
		{C21DB770-1698-4A4D-8EBF-012247D523F0} = {2706DDF9-DA55-4C9F-8FFE-85AD2D148D89}
		{E3CD2E2B-2917-4923-93D1-8F0E2B1AB35F} = {2706DDF9-DA55-4C9F-8FFE-85AD2D148D89}
		{8D3CE8A4-4B00-4C3F-9EAE-4DCC3EFDCEA6} = {2706DDF9-DA55-4C9F-8FFE-85AD2D148D89}
		{172F2179-4284-469F-A43A-8C9B7D1DC59D} = {E22843D4-470D-42A5-AC9A-DC8E1E2A06C2}
		{10150FD3-740F-419B-ADA5-BF5886C141CF} = {E22843D4-470D-42A5-AC9A-DC8E1E2A06C2}
		{69129EE0-DFBC-4F4D-B85F-8A953898673B} = {E22843D4-470D-42A5-AC9A-DC8E1E2A06C2}
		{D149B2CE-73A9-4563-BA60-663267DA4E9B} = {C28CFB4F-1018-4DB9-920A-904637CA3B13}
		{7AB959BB-94DC-4E02-A24B-E3A00FDB1739} = {C28CFB4F-1018-4DB9-920A-904637CA3B13}
		{10B2179D-7A96-4F3B-B510-F6808BF6358F} = {C28CFB4F-1018-4DB9-920A-904637CA3B13}
		{6B725E1E-473E-4D35-96BB-8279B151801A} = {2445FCB9-F9C1-4E2C-A152-634A7F668DA9}
		{240EF38B-0080-4300-ACE0-2B593EAF9CB1} = {2445FCB9-F9C1-4E2C-A152-634A7F668DA9}
		{BA1AA907-4799-4B33-BB6C-ACC37CA76917} = {2445FCB9-F9C1-4E2C-A152-634A7F668DA9}
	EndGlobalSection
EndGlobal
